
Microsoft Visual Studio Solution File, Format Version 12.00
# Visual Studio 15
VisualStudioVersion = 15.0.27703.2000
MinimumVisualStudioVersion = 10.0.40219.1
Project("{FAE04EC0-301F-11D3-BF4B-00C04F79EFBC}") = "Wpf", "Wpf\Wpf.csproj", "{79088AD6-1397-4B8A-93AD-A9FC90213D13}"
EndProject
Project("{FAE04EC0-301F-11D3-BF4B-00C04F79EFBC}") = "Wpf.Data", "Wpf.Data\Wpf.Data.csproj", "{C81AC90A-8863-4B12-BF17-1BB957C463CB}"
EndProject
Global
	GlobalSection(SolutionConfigurationPlatforms) = preSolution
		Debug|Any CPU = Debug|Any CPU
		Release|Any CPU = Release|Any CPU
	EndGlobalSection
	GlobalSection(ProjectConfigurationPlatforms) = postSolution
		{79088AD6-1397-4B8A-93AD-A9FC90213D13}.Debug|Any CPU.ActiveCfg = Debug|Any CPU
		{79088AD6-1397-4B8A-93AD-A9FC90213D13}.Debug|Any CPU.Build.0 = Debug|Any CPU
		{79088AD6-1397-4B8A-93AD-A9FC90213D13}.Release|Any CPU.ActiveCfg = Release|Any CPU
		{79088AD6-1397-4B8A-93AD-A9FC90213D13}.Release|Any CPU.Build.0 = Release|Any CPU
		{C81AC90A-8863-4B12-BF17-1BB957C463CB}.Debug|Any CPU.ActiveCfg = Debug|Any CPU
		{C81AC90A-8863-4B12-BF17-1BB957C463CB}.Debug|Any CPU.Build.0 = Debug|Any CPU
		{C81AC90A-8863-4B12-BF17-1BB957C463CB}.Release|Any CPU.ActiveCfg = Release|Any CPU
		{C81AC90A-8863-4B12-BF17-1BB957C463CB}.Release|Any CPU.Build.0 = Release|Any CPU
	EndGlobalSection
	GlobalSection(SolutionProperties) = preSolution
		HideSolutionNode = FALSE
	EndGlobalSection
	GlobalSection(ExtensibilityGlobals) = postSolution
		SolutionGuid = {58480CCC-C64A-4FFB-8E8C-7C36A9E088E8}
	EndGlobalSection
EndGlobal
